
Microsoft Visual Studio Solution File, Format Version 12.00
# Visual Studio 2013
VisualStudioVersion = 12.0.30501.0
MinimumVisualStudioVersion = 10.0.40219.1
Project("{FAE04EC0-301F-11D3-BF4B-00C04F79EFBC}") = "MyLearn", "MyLearn\MyLearn.csproj", "{D92D20D6-3334-4CEF-B850-27281E0DD337}"
EndProject
Project("{2150E333-8FDC-42A3-9474-1A3956D46DE8}") = "EFDeom", "EFDeom", "{A8B390AC-C92D-4364-886C-901CB838EADD}"
EndProject
Project("{2150E333-8FDC-42A3-9474-1A3956D46DE8}") = "Demo", "Demo", "{2D5256F8-6E0D-4C90-AF02-723AC7CA3B2F}"
EndProject
Project("{FAE04EC0-301F-11D3-BF4B-00C04F79EFBC}") = "Demo", "Demo\Demo.csproj", "{9084C42C-AF68-436B-ABF3-61B2C53D0E68}"
EndProject
Project("{FAE04EC0-301F-11D3-BF4B-00C04F79EFBC}") = "Repository", "Repository\Repository.csproj", "{B4AA7D44-F7EF-4211-8645-8E0458F37189}"
EndProject
Project("{FAE04EC0-301F-11D3-BF4B-00C04F79EFBC}") = "ConnectMysql", "ConnectMysql\ConnectMysql.csproj", "{630552D9-D4FA-448D-A569-402ED0900684}"
EndProject
Project("{2150E333-8FDC-42A3-9474-1A3956D46DE8}") = "EFVue", "EFVue", "{A4A5045E-8CC6-4E9F-8F8A-E21F356BF2AD}"
EndProject
Project("{FAE04EC0-301F-11D3-BF4B-00C04F79EFBC}") = "Demo", "EFVue\Demo\Demo.csproj", "{A1FD7E63-1BCE-4769-A65E-E23876B5145E}"
EndProject
Project("{FAE04EC0-301F-11D3-BF4B-00C04F79EFBC}") = "EFDLL", "EFDLL\EFDLL.csproj", "{F777A125-2AD1-4DA6-9F51-0368F222F339}"
EndProject
Project("{FAE04EC0-301F-11D3-BF4B-00C04F79EFBC}") = "Models", "EFVue\Models\Models.csproj", "{E4058605-66E6-48BB-AD01-73D00F07F38B}"
EndProject
Project("{FAE04EC0-301F-11D3-BF4B-00C04F79EFBC}") = "BLL", "BLL\BLL.csproj", "{4D4BA256-C250-4761-B4AB-A6BDD30BE884}"
EndProject
Project("{FAE04EC0-301F-11D3-BF4B-00C04F79EFBC}") = "VuesTestDemo", "VuesTestDemo\VuesTestDemo.csproj", "{F2022F1D-346B-4695-AB59-53886B5B9AF0}"
EndProject
Project("{FAE04EC0-301F-11D3-BF4B-00C04F79EFBC}") = "sqlDemo", "sqlDemo\sqlDemo.csproj", "{ED7F1F03-7966-4DEC-9A1B-33C3EAC24981}"
EndProject
Project("{FAE04EC0-301F-11D3-BF4B-00C04F79EFBC}") = "VueUFO", "VueDemo\VueUFO.csproj", "{E46AADFC-9513-4DD6-BF79-915BC3512187}"
EndProject
Global
	GlobalSection(SolutionConfigurationPlatforms) = preSolution
		Debug|Any CPU = Debug|Any CPU
		Release|Any CPU = Release|Any CPU
	EndGlobalSection
	GlobalSection(ProjectConfigurationPlatforms) = postSolution
		{D92D20D6-3334-4CEF-B850-27281E0DD337}.Debug|Any CPU.ActiveCfg = Debug|Any CPU
		{D92D20D6-3334-4CEF-B850-27281E0DD337}.Debug|Any CPU.Build.0 = Debug|Any CPU
		{D92D20D6-3334-4CEF-B850-27281E0DD337}.Release|Any CPU.ActiveCfg = Release|Any CPU
		{D92D20D6-3334-4CEF-B850-27281E0DD337}.Release|Any CPU.Build.0 = Release|Any CPU
		{9084C42C-AF68-436B-ABF3-61B2C53D0E68}.Debug|Any CPU.ActiveCfg = Debug|Any CPU
		{9084C42C-AF68-436B-ABF3-61B2C53D0E68}.Debug|Any CPU.Build.0 = Debug|Any CPU
		{9084C42C-AF68-436B-ABF3-61B2C53D0E68}.Release|Any CPU.ActiveCfg = Release|Any CPU
		{9084C42C-AF68-436B-ABF3-61B2C53D0E68}.Release|Any CPU.Build.0 = Release|Any CPU
		{B4AA7D44-F7EF-4211-8645-8E0458F37189}.Debug|Any CPU.ActiveCfg = Debug|Any CPU
		{B4AA7D44-F7EF-4211-8645-8E0458F37189}.Debug|Any CPU.Build.0 = Debug|Any CPU
		{B4AA7D44-F7EF-4211-8645-8E0458F37189}.Release|Any CPU.ActiveCfg = Release|Any CPU
		{B4AA7D44-F7EF-4211-8645-8E0458F37189}.Release|Any CPU.Build.0 = Release|Any CPU
		{630552D9-D4FA-448D-A569-402ED0900684}.Debug|Any CPU.ActiveCfg = Debug|Any CPU
		{630552D9-D4FA-448D-A569-402ED0900684}.Debug|Any CPU.Build.0 = Debug|Any CPU
		{630552D9-D4FA-448D-A569-402ED0900684}.Release|Any CPU.ActiveCfg = Release|Any CPU
		{630552D9-D4FA-448D-A569-402ED0900684}.Release|Any CPU.Build.0 = Release|Any CPU
		{A1FD7E63-1BCE-4769-A65E-E23876B5145E}.Debug|Any CPU.ActiveCfg = Debug|Any CPU
		{A1FD7E63-1BCE-4769-A65E-E23876B5145E}.Debug|Any CPU.Build.0 = Debug|Any CPU
		{A1FD7E63-1BCE-4769-A65E-E23876B5145E}.Release|Any CPU.ActiveCfg = Release|Any CPU
		{A1FD7E63-1BCE-4769-A65E-E23876B5145E}.Release|Any CPU.Build.0 = Release|Any CPU
		{F777A125-2AD1-4DA6-9F51-0368F222F339}.Debug|Any CPU.ActiveCfg = Debug|Any CPU
		{F777A125-2AD1-4DA6-9F51-0368F222F339}.Debug|Any CPU.Build.0 = Debug|Any CPU
		{F777A125-2AD1-4DA6-9F51-0368F222F339}.Release|Any CPU.ActiveCfg = Release|Any CPU
		{F777A125-2AD1-4DA6-9F51-0368F222F339}.Release|Any CPU.Build.0 = Release|Any CPU
		{E4058605-66E6-48BB-AD01-73D00F07F38B}.Debug|Any CPU.ActiveCfg = Debug|Any CPU
		{E4058605-66E6-48BB-AD01-73D00F07F38B}.Debug|Any CPU.Build.0 = Debug|Any CPU
		{E4058605-66E6-48BB-AD01-73D00F07F38B}.Release|Any CPU.ActiveCfg = Release|Any CPU
		{E4058605-66E6-48BB-AD01-73D00F07F38B}.Release|Any CPU.Build.0 = Release|Any CPU
		{4D4BA256-C250-4761-B4AB-A6BDD30BE884}.Debug|Any CPU.ActiveCfg = Debug|Any CPU
		{4D4BA256-C250-4761-B4AB-A6BDD30BE884}.Debug|Any CPU.Build.0 = Debug|Any CPU
		{4D4BA256-C250-4761-B4AB-A6BDD30BE884}.Release|Any CPU.ActiveCfg = Release|Any CPU
		{4D4BA256-C250-4761-B4AB-A6BDD30BE884}.Release|Any CPU.Build.0 = Release|Any CPU
		{F2022F1D-346B-4695-AB59-53886B5B9AF0}.Debug|Any CPU.ActiveCfg = Debug|Any CPU
		{F2022F1D-346B-4695-AB59-53886B5B9AF0}.Debug|Any CPU.Build.0 = Debug|Any CPU
		{F2022F1D-346B-4695-AB59-53886B5B9AF0}.Release|Any CPU.ActiveCfg = Release|Any CPU
		{F2022F1D-346B-4695-AB59-53886B5B9AF0}.Release|Any CPU.Build.0 = Release|Any CPU
		{ED7F1F03-7966-4DEC-9A1B-33C3EAC24981}.Debug|Any CPU.ActiveCfg = Debug|Any CPU
		{ED7F1F03-7966-4DEC-9A1B-33C3EAC24981}.Debug|Any CPU.Build.0 = Debug|Any CPU
		{ED7F1F03-7966-4DEC-9A1B-33C3EAC24981}.Release|Any CPU.ActiveCfg = Release|Any CPU
		{ED7F1F03-7966-4DEC-9A1B-33C3EAC24981}.Release|Any CPU.Build.0 = Release|Any CPU
		{E46AADFC-9513-4DD6-BF79-915BC3512187}.Debug|Any CPU.ActiveCfg = Debug|Any CPU
		{E46AADFC-9513-4DD6-BF79-915BC3512187}.Debug|Any CPU.Build.0 = Debug|Any CPU
		{E46AADFC-9513-4DD6-BF79-915BC3512187}.Release|Any CPU.ActiveCfg = Release|Any CPU
		{E46AADFC-9513-4DD6-BF79-915BC3512187}.Release|Any CPU.Build.0 = Release|Any CPU
	EndGlobalSection
	GlobalSection(SolutionProperties) = preSolution
		HideSolutionNode = FALSE
	EndGlobalSection
	GlobalSection(NestedProjects) = preSolution
		{2D5256F8-6E0D-4C90-AF02-723AC7CA3B2F} = {A8B390AC-C92D-4364-886C-901CB838EADD}
		{9084C42C-AF68-436B-ABF3-61B2C53D0E68} = {2D5256F8-6E0D-4C90-AF02-723AC7CA3B2F}
		{B4AA7D44-F7EF-4211-8645-8E0458F37189} = {2D5256F8-6E0D-4C90-AF02-723AC7CA3B2F}
		{630552D9-D4FA-448D-A569-402ED0900684} = {2D5256F8-6E0D-4C90-AF02-723AC7CA3B2F}
		{A1FD7E63-1BCE-4769-A65E-E23876B5145E} = {A4A5045E-8CC6-4E9F-8F8A-E21F356BF2AD}
		{F777A125-2AD1-4DA6-9F51-0368F222F339} = {A4A5045E-8CC6-4E9F-8F8A-E21F356BF2AD}
		{E4058605-66E6-48BB-AD01-73D00F07F38B} = {A4A5045E-8CC6-4E9F-8F8A-E21F356BF2AD}
		{4D4BA256-C250-4761-B4AB-A6BDD30BE884} = {A4A5045E-8CC6-4E9F-8F8A-E21F356BF2AD}
		{ED7F1F03-7966-4DEC-9A1B-33C3EAC24981} = {A4A5045E-8CC6-4E9F-8F8A-E21F356BF2AD}
		{E46AADFC-9513-4DD6-BF79-915BC3512187} = {A4A5045E-8CC6-4E9F-8F8A-E21F356BF2AD}
	EndGlobalSection
EndGlobal
